{
    "name": "com.mycoughdrop.coughdrop",
    "version": "2017.06.05",
    "lockfileVersion": 1,
    "requires": true,
    "dependencies": {
        "base64-js": {
            "version": "1.2.0",
            "resolved": "https://registry.npmjs.org/base64-js/-/base64-js-1.2.0.tgz",
            "integrity": "sha1-o5mS1yNYSBGYK+XikLtqU9hnAPE="
        },
        "com.coughdrop.cordova.backgroundaudio": {
            "version": "git+https://github.com/whitmer/cordova-plugin-backgroundaudio.git#c1e79a49ea783540a389e0a4510c250c875a7dd7",
            "from": "git+https://github.com/whitmer/cordova-plugin-backgroundaudio.git"
        },
        "com.coughdrop.cordova.extra-tts": {
            "version": "git+https://github.com/coughdrop/extra-tts.git#4417d7b27c11c98d6db7224b5c8cb03b1c1e38e3",
            "from": "git+https://github.com/coughdrop/extra-tts.git"
        },
        "com.mycoughdrop.coughdrop.misc": {
            "version": "git+https://github.com/CoughDrop/coughdrop_cordova_misc.git#893441b88f76b371eb9d71277a890cc720c83a5d",
            "from": "git+https://github.com/CoughDrop/coughdrop_cordova_misc.git"
        },
        "cordova-android": {
            "version": "6.4.0",
            "resolved": "https://registry.npmjs.org/cordova-android/-/cordova-android-6.4.0.tgz",
            "integrity": "sha1-VK6NpXKKjX5e/MYXLT3MoXvH/n0=",
            "requires": {
                "android-versions": "^1.2.1",
                "cordova-common": "^2.1.0",
                "elementtree": "0.1.6",
                "nopt": "^3.0.1",
                "properties-parser": "^0.2.3",
                "q": "^1.4.1",
                "shelljs": "^0.5.3"
            },
            "dependencies": {
                "abbrev": {
                    "version": "1.1.0",
                    "bundled": true
                },
                "android-versions": {
                    "version": "1.2.1",
                    "bundled": true
                },
                "ansi": {
                    "version": "0.3.1",
                    "bundled": true
                },
                "balanced-match": {
                    "version": "1.0.0",
                    "bundled": true
                },
                "base64-js": {
                    "version": "0.0.8",
                    "bundled": true
                },
                "big-integer": {
                    "version": "1.6.25",
                    "bundled": true
                },
                "bplist-parser": {
                    "version": "0.1.1",
                    "bundled": true,
                    "requires": {
                        "big-integer": "^1.6.7"
                    }
                },
                "brace-expansion": {
                    "version": "1.1.8",
                    "bundled": true,
                    "requires": {
                        "balanced-match": "^1.0.0",
                        "concat-map": "0.0.1"
                    }
                },
                "concat-map": {
                    "version": "0.0.1",
                    "bundled": true
                },
                "cordova-common": {
                    "version": "2.1.0",
                    "bundled": true,
                    "requires": {
                        "ansi": "^0.3.1",
                        "bplist-parser": "^0.1.0",
                        "cordova-registry-mapper": "^1.1.8",
                        "elementtree": "0.1.6",
                        "glob": "^5.0.13",
                        "minimatch": "^3.0.0",
                        "osenv": "^0.1.3",
                        "plist": "^1.2.0",
                        "q": "^1.4.1",
                        "semver": "^5.0.1",
                        "shelljs": "^0.5.3",
                        "underscore": "^1.8.3",
                        "unorm": "^1.3.3"
                    }
                },
                "cordova-registry-mapper": {
                    "version": "1.1.15",
                    "bundled": true
                },
                "elementtree": {
                    "version": "0.1.6",
                    "bundled": true,
                    "requires": {
                        "sax": "0.3.5"
                    }
                },
                "glob": {
                    "version": "5.0.15",
                    "bundled": true,
                    "requires": {
                        "inflight": "^1.0.4",
                        "inherits": "2",
                        "minimatch": "2 || 3",
                        "once": "^1.3.0",
                        "path-is-absolute": "^1.0.0"
                    }
                },
                "inflight": {
                    "version": "1.0.6",
                    "bundled": true,
                    "requires": {
                        "once": "^1.3.0",
                        "wrappy": "1"
                    }
                },
                "inherits": {
                    "version": "2.0.3",
                    "bundled": true
                },
                "lodash": {
                    "version": "3.10.1",
                    "bundled": true
                },
                "minimatch": {
                    "version": "3.0.4",
                    "bundled": true,
                    "requires": {
                        "brace-expansion": "^1.1.7"
                    }
                },
                "nopt": {
                    "version": "3.0.6",
                    "bundled": true,
                    "requires": {
                        "abbrev": "1"
                    }
                },
                "once": {
                    "version": "1.4.0",
                    "bundled": true,
                    "requires": {
                        "wrappy": "1"
                    }
                },
                "os-homedir": {
                    "version": "1.0.2",
                    "bundled": true
                },
                "os-tmpdir": {
                    "version": "1.0.2",
                    "bundled": true
                },
                "osenv": {
                    "version": "0.1.4",
                    "bundled": true,
                    "requires": {
                        "os-homedir": "^1.0.0",
                        "os-tmpdir": "^1.0.0"
                    }
                },
                "path-is-absolute": {
                    "version": "1.0.1",
                    "bundled": true
                },
                "plist": {
                    "version": "1.2.0",
                    "bundled": true,
                    "requires": {
                        "base64-js": "0.0.8",
                        "util-deprecate": "1.0.2",
                        "xmlbuilder": "4.0.0",
                        "xmldom": "0.1.x"
                    }
                },
                "properties-parser": {
                    "version": "0.2.3",
                    "bundled": true
                },
                "q": {
                    "version": "1.5.0",
                    "bundled": true
                },
                "sax": {
                    "version": "0.3.5",
                    "bundled": true
                },
                "semver": {
                    "version": "5.4.1",
                    "bundled": true
                },
                "shelljs": {
                    "version": "0.5.3",
                    "bundled": true
                },
                "underscore": {
                    "version": "1.8.3",
                    "bundled": true
                },
                "unorm": {
                    "version": "1.4.1",
                    "bundled": true
                },
                "util-deprecate": {
                    "version": "1.0.2",
                    "bundled": true
                },
                "wrappy": {
                    "version": "1.0.2",
                    "bundled": true
                },
                "xmlbuilder": {
                    "version": "4.0.0",
                    "bundled": true,
                    "requires": {
                        "lodash": "^3.5.0"
                    }
                },
                "xmldom": {
                    "version": "0.1.27",
                    "bundled": true
                }
            }
        },
        "cordova-ios": {
            "version": "4.1.1",
            "resolved": "http://registry.npmjs.org/cordova-ios/-/cordova-ios-4.1.1.tgz",
            "integrity": "sha1-fbRBXOOEYw1QUuhhoxQhJBFDS00=",
            "requires": {
                "cordova-common": "^1.1.0",
                "ios-sim": "^5.0.7",
                "nopt": "^3.0.6",
                "plist": "^1.2.0",
                "q": "^1.4.1",
                "shelljs": "^0.5.3",
                "xcode": "^0.8.3"
            },
            "dependencies": {
                "abbrev": {
                    "version": "1.0.7",
                    "bundled": true
                },
                "ansi": {
                    "version": "0.3.1",
                    "bundled": true
                },
                "balanced-match": {
                    "version": "0.3.0",
                    "bundled": true
                },
                "base64-js": {
                    "version": "0.0.8",
                    "bundled": true
                },
                "big-integer": {
                    "version": "1.6.12",
                    "bundled": true
                },
                "bplist-creator": {
                    "version": "0.0.4",
                    "bundled": true,
                    "requires": {
                        "stream-buffers": "~0.2.3"
                    }
                },
                "bplist-parser": {
                    "version": "0.1.1",
                    "bundled": true,
                    "requires": {
                        "big-integer": "^1.6.7"
                    }
                },
                "brace-expansion": {
                    "version": "1.1.3",
                    "bundled": true,
                    "requires": {
                        "balanced-match": "^0.3.0",
                        "concat-map": "0.0.1"
                    }
                },
                "concat-map": {
                    "version": "0.0.1",
                    "bundled": true
                },
                "cordova-common": {
                    "version": "1.1.1",
                    "bundled": true,
                    "requires": {
                        "ansi": "^0.3.1",
                        "bplist-parser": "^0.1.0",
                        "cordova-registry-mapper": "^1.1.8",
                        "elementtree": "^0.1.6",
                        "glob": "^5.0.13",
                        "osenv": "^0.1.3",
                        "plist": "^1.2.0",
                        "q": "^1.4.1",
                        "semver": "^5.0.1",
                        "shelljs": "^0.5.1",
                        "underscore": "^1.8.3",
                        "unorm": "^1.3.3"
                    }
                },
                "cordova-registry-mapper": {
                    "version": "1.1.15",
                    "bundled": true
                },
                "elementtree": {
                    "version": "0.1.6",
                    "bundled": true,
                    "requires": {
                        "sax": "0.3.5"
                    }
                },
                "glob": {
                    "version": "5.0.15",
                    "bundled": true,
                    "requires": {
                        "inflight": "^1.0.4",
                        "inherits": "2",
                        "minimatch": "2 || 3",
                        "once": "^1.3.0",
                        "path-is-absolute": "^1.0.0"
                    }
                },
                "inflight": {
                    "version": "1.0.4",
                    "bundled": true,
                    "requires": {
                        "once": "^1.3.0",
                        "wrappy": "1"
                    }
                },
                "inherits": {
                    "version": "2.0.1",
                    "bundled": true
                },
                "ios-sim": {
                    "version": "5.0.8",
                    "bundled": true,
                    "requires": {
                        "bplist-parser": "^0.0.6",
                        "nopt": "1.0.9",
                        "plist": "^1.2.0",
                        "simctl": "^0.0.9"
                    },
                    "dependencies": {
                        "bplist-parser": {
                            "version": "0.0.6",
                            "bundled": true
                        },
                        "nopt": {
                            "version": "1.0.9",
                            "bundled": true,
                            "requires": {
                                "abbrev": "1"
                            }
                        }
                    }
                },
                "lodash": {
                    "version": "3.10.1",
                    "bundled": true
                },
                "lodash-node": {
                    "version": "2.4.1",
                    "bundled": true
                },
                "minimatch": {
                    "version": "3.0.0",
                    "bundled": true,
                    "requires": {
                        "brace-expansion": "^1.0.0"
                    }
                },
                "node-uuid": {
                    "version": "1.3.3",
                    "bundled": true
                },
                "nopt": {
                    "version": "3.0.6",
                    "bundled": true,
                    "requires": {
                        "abbrev": "1"
                    }
                },
                "once": {
                    "version": "1.3.3",
                    "bundled": true,
                    "requires": {
                        "wrappy": "1"
                    }
                },
                "os-homedir": {
                    "version": "1.0.1",
                    "bundled": true
                },
                "os-tmpdir": {
                    "version": "1.0.1",
                    "bundled": true
                },
                "osenv": {
                    "version": "0.1.3",
                    "bundled": true,
                    "requires": {
                        "os-homedir": "^1.0.0",
                        "os-tmpdir": "^1.0.0"
                    }
                },
                "path-is-absolute": {
                    "version": "1.0.0",
                    "bundled": true
                },
                "pegjs": {
                    "version": "0.6.2",
                    "bundled": true
                },
                "plist": {
                    "version": "1.2.0",
                    "bundled": true,
                    "requires": {
                        "base64-js": "0.0.8",
                        "util-deprecate": "1.0.2",
                        "xmlbuilder": "4.0.0",
                        "xmldom": "0.1.x"
                    }
                },
                "q": {
                    "version": "1.4.1",
                    "bundled": true
                },
                "sax": {
                    "version": "0.3.5",
                    "bundled": true
                },
                "semver": {
                    "version": "5.1.0",
                    "bundled": true
                },
                "shelljs": {
                    "version": "0.5.3",
                    "bundled": true
                },
                "simctl": {
                    "version": "0.0.9",
                    "bundled": true,
                    "requires": {
                        "shelljs": "^0.2.6",
                        "tail": "^0.4.0"
                    },
                    "dependencies": {
                        "shelljs": {
                            "version": "0.2.6",
                            "bundled": true
                        }
                    }
                },
                "simple-plist": {
                    "version": "0.0.4",
                    "bundled": true,
                    "requires": {
                        "bplist-creator": "0.0.4",
                        "bplist-parser": "0.0.6",
                        "plist": "1.1.0"
                    },
                    "dependencies": {
                        "base64-js": {
                            "version": "0.0.6",
                            "bundled": true
                        },
                        "bplist-parser": {
                            "version": "0.0.6",
                            "bundled": true
                        },
                        "plist": {
                            "version": "1.1.0",
                            "bundled": true,
                            "requires": {
                                "base64-js": "0.0.6",
                                "util-deprecate": "1.0.0",
                                "xmlbuilder": "2.2.1",
                                "xmldom": "0.1.x"
                            }
                        },
                        "util-deprecate": {
                            "version": "1.0.0",
                            "bundled": true
                        },
                        "xmlbuilder": {
                            "version": "2.2.1",
                            "bundled": true,
                            "requires": {
                                "lodash-node": "~2.4.1"
                            }
                        }
                    }
                },
                "stream-buffers": {
                    "version": "0.2.6",
                    "bundled": true
                },
                "tail": {
                    "version": "0.4.0",
                    "bundled": true
                },
                "underscore": {
                    "version": "1.8.3",
                    "bundled": true
                },
                "unorm": {
                    "version": "1.4.1",
                    "bundled": true
                },
                "util-deprecate": {
                    "version": "1.0.2",
                    "bundled": true
                },
                "wrappy": {
                    "version": "1.0.1",
                    "bundled": true
                },
                "xcode": {
                    "version": "0.8.4",
                    "bundled": true,
                    "requires": {
                        "node-uuid": "1.3.3",
                        "pegjs": "0.6.2",
                        "simple-plist": "0.0.4"
                    }
                },
                "xmlbuilder": {
                    "version": "4.0.0",
                    "bundled": true,
                    "requires": {
                        "lodash": "^3.5.0"
                    }
                },
                "xmldom": {
                    "version": "0.1.22",
                    "bundled": true
                }
            }
        },
        "cordova-plugin-battery-status": {
            "version": "1.1.2",
            "resolved": "https://registry.npmjs.org/cordova-plugin-battery-status/-/cordova-plugin-battery-status-1.1.2.tgz",
            "integrity": "sha1-QZIcdKvA2z431i88XcT94MYQkOQ="
        },
        "cordova-plugin-blob-constructor-polyfill": {
            "version": "1.0.2",
            "resolved": "https://registry.npmjs.org/cordova-plugin-blob-constructor-polyfill/-/cordova-plugin-blob-constructor-polyfill-1.0.2.tgz",
            "integrity": "sha1-ntD9+HBK7CbpbEVT4JBMYLagecQ="
        },
        "cordova-plugin-brightness": {
            "version": "0.1.5",
            "resolved": "https://registry.npmjs.org/cordova-plugin-brightness/-/cordova-plugin-brightness-0.1.5.tgz",
            "integrity": "sha1-zmOQaYifyEPCQ+gvIed4mITt6bo="
        },
        "cordova-plugin-chrome-apps-audiocapture": {
            "version": "1.0.5",
            "resolved": "https://registry.npmjs.org/cordova-plugin-chrome-apps-audiocapture/-/cordova-plugin-chrome-apps-audiocapture-1.0.5.tgz",
            "integrity": "sha1-zDDGp98s9pgyhe5dz9UaTLiXYV4="
        },
        "cordova-plugin-chrome-apps-power": {
            "version": "1.0.4",
            "resolved": "https://registry.npmjs.org/cordova-plugin-chrome-apps-power/-/cordova-plugin-chrome-apps-power-1.0.4.tgz",
            "integrity": "sha1-IJZmBW22ga1tXAJxnvfa6k6ocyA="
        },
        "cordova-plugin-chrome-apps-videocapture": {
            "version": "1.0.4",
            "resolved": "https://registry.npmjs.org/cordova-plugin-chrome-apps-videocapture/-/cordova-plugin-chrome-apps-videocapture-1.0.4.tgz",
            "integrity": "sha1-x1YFSDsn/0J2XxYlZWbBcVJroNk="
        },
        "cordova-plugin-compat": {
            "version": "1.2.0",
            "resolved": "https://registry.npmjs.org/cordova-plugin-compat/-/cordova-plugin-compat-1.2.0.tgz",
            "integrity": "sha1-C8ZXVyduvZIMASzpIOJ0F3V2Nz4="
        },
        "cordova-plugin-device": {
            "version": "1.1.7",
            "resolved": "https://registry.npmjs.org/cordova-plugin-device/-/cordova-plugin-device-1.1.7.tgz",
            "integrity": "sha1-/JQRG+aTJijGaGiTjd89yCyfv+Y="
        },
        "cordova-plugin-file": {
            "version": "4.3.3",
            "resolved": "https://registry.npmjs.org/cordova-plugin-file/-/cordova-plugin-file-4.3.3.tgz",
            "integrity": "sha1-AS6Xqhr7kfhJFuY0G1SDZtI96bk="
        },
        "cordova-plugin-geolocation": {
            "version": "4.0.1",
            "resolved": "https://registry.npmjs.org/cordova-plugin-geolocation/-/cordova-plugin-geolocation-4.0.1.tgz",
            "integrity": "sha1-RwP6ZJ0kBdJamnMsmev4aHVKLAQ="
        },
        "cordova-plugin-inappbrowser": {
            "version": "1.1.1",
            "resolved": "https://registry.npmjs.org/cordova-plugin-inappbrowser/-/cordova-plugin-inappbrowser-1.1.1.tgz",
            "integrity": "sha1-72ZdQOKSNtAHAJaQzbx5+4YDRXY="
        },
        "cordova-plugin-keyboard": {
            "version": "1.1.5",
            "resolved": "https://registry.npmjs.org/cordova-plugin-keyboard/-/cordova-plugin-keyboard-1.1.5.tgz",
            "integrity": "sha1-XgS1IF0ZViLKqt3bLzSttSoclsQ="
        },
        "cordova-plugin-media": {
            "version": "3.0.1",
            "resolved": "https://registry.npmjs.org/cordova-plugin-media/-/cordova-plugin-media-3.0.1.tgz",
            "integrity": "sha1-XkbnbPp31O0oqHWYywco5Ourbyc="
        },
        "cordova-plugin-media-capture": {
            "version": "1.4.3",
            "resolved": "https://registry.npmjs.org/cordova-plugin-media-capture/-/cordova-plugin-media-capture-1.4.3.tgz",
            "integrity": "sha1-IOO74zT7uJ9iSwIYjqxTcnQ5IPo="
        },
        "cordova-plugin-network-information": {
            "version": "1.3.4",
            "resolved": "https://registry.npmjs.org/cordova-plugin-network-information/-/cordova-plugin-network-information-1.3.4.tgz",
            "integrity": "sha1-KPQmzCZZF03GIqBxgPm6DYVfc4M="
        },
        "cordova-plugin-settings-hook": {
            "version": "0.2.7",
            "resolved": "https://registry.npmjs.org/cordova-plugin-settings-hook/-/cordova-plugin-settings-hook-0.2.7.tgz",
            "integrity": "sha1-hRaFdgaZAOXwIAJa+q66iSOqT8g=",
            "requires": {
                "plist": "^2.1.0"
            }
        },
        "cordova-plugin-shared-preferences": {
            "version": "0.0.1",
            "resolved": "https://registry.npmjs.org/cordova-plugin-shared-preferences/-/cordova-plugin-shared-preferences-0.0.1.tgz",
            "integrity": "sha1-yHQSSILb28ajdco4IWGHhDlIxx8="
        },
        "cordova-plugin-splashscreen": {
            "version": "3.0.0",
            "resolved": "https://registry.npmjs.org/cordova-plugin-splashscreen/-/cordova-plugin-splashscreen-3.0.0.tgz",
            "integrity": "sha1-QtbMt6AgkxVWV4VnBgC8LPs3Tfg="
        },
        "cordova-plugin-statusbar": {
            "version": "2.0.0",
            "resolved": "https://registry.npmjs.org/cordova-plugin-statusbar/-/cordova-plugin-statusbar-2.0.0.tgz",
            "integrity": "sha1-8gNgxEjxhn5cW2Bw669r9v46O5Y="
        },
        "cordova-plugin-tts": {
            "version": "git+https://github.com/vilic/cordova-plugin-tts.git#075117973006daf36874ccf06502cfec8ce5c7c4",
            "from": "git+https://github.com/vilic/cordova-plugin-tts.git"
        },
        "cordova-plugin-whitelist": {
            "version": "1.3.3",
            "resolved": "https://registry.npmjs.org/cordova-plugin-whitelist/-/cordova-plugin-whitelist-1.3.3.tgz",
            "integrity": "sha1-tehezbv+Wu3tQKG/TuI3LmfZb7Q="
        },
        "cordova-plugin-x-socialsharing": {
            "version": "5.0.12",
            "resolved": "https://registry.npmjs.org/cordova-plugin-x-socialsharing/-/cordova-plugin-x-socialsharing-5.0.12.tgz",
            "integrity": "sha1-eRlP9N7xpLOhkde5givN/1rsyxA="
        },
        "cordova-plugin-xhr-blob-polyfill": {
            "version": "1.0.3",
            "resolved": "https://registry.npmjs.org/cordova-plugin-xhr-blob-polyfill/-/cordova-plugin-xhr-blob-polyfill-1.0.3.tgz",
            "integrity": "sha1-cpJKhAte5rEDIyLZI5H3TQ8HDoU="
        },
        "cordova-sqlite-storage": {
            "version": "1.4.9",
            "resolved": "https://registry.npmjs.org/cordova-sqlite-storage/-/cordova-sqlite-storage-1.4.9.tgz",
            "integrity": "sha1-FSJ+BGiSub5obfskeO8DuwuaXH8=",
            "requires": {
                "cordova-sqlite-storage-dependencies": "1.0.0"
            }
        },
        "cordova-sqlite-storage-dependencies": {
            "version": "1.0.0",
            "resolved": "https://registry.npmjs.org/cordova-sqlite-storage-dependencies/-/cordova-sqlite-storage-dependencies-1.0.0.tgz",
            "integrity": "sha1-XwBpLLfkMINH7wzlDgqoqPAtykM="
        },
        "de.codevise.cordova.volume": {
            "version": "git+https://github.com/whitmer/cordova-volume.git#3d061881f075c1c343c6ebc861137c6f366f72a9",
            "from": "git+https://github.com/whitmer/cordova-volume.git"
        },
        "phonegap-icloudkv-plugin": {
            "version": "git+https://github.com/pierrickrouxel/phonegap-icloudkv-plugin.git#d5afa02e47ba9974c4af71e159db7e4fae3564e5",
            "from": "git+https://github.com/pierrickrouxel/phonegap-icloudkv-plugin.git"
        },
        "phonegap-plugin-speech-synthesis": {
            "version": "git+https://github.com/mike-nelson/SpeechSynthesisPlugin.git#67329f0bc0650b2f3f474ea1b3ad9504a6496604",
            "from": "git+https://github.com/mike-nelson/SpeechSynthesisPlugin.git"
        },
        "plist": {
            "version": "2.1.0",
            "resolved": "https://registry.npmjs.org/plist/-/plist-2.1.0.tgz",
            "integrity": "sha1-V8zbeggh3yGDEhejytVOPhRqECU=",
            "requires": {
                "base64-js": "1.2.0",
                "xmlbuilder": "8.2.2",
                "xmldom": "0.1.x"
            }
        },
        "xmlbuilder": {
            "version": "8.2.2",
            "resolved": "https://registry.npmjs.org/xmlbuilder/-/xmlbuilder-8.2.2.tgz",
            "integrity": "sha1-aSSGc0ELS6QuGmE2VR0pIjNap3M="
        },
        "xmldom": {
            "version": "0.1.27",
            "resolved": "https://registry.npmjs.org/xmldom/-/xmldom-0.1.27.tgz",
            "integrity": "sha1-1QH5ezvbQDr4757MIFcxh6rawOk="
        }
    }
}
