{
    "name": "com.mycoughdrop.coughdrop",
    "version": "2017.06.05",
    "lockfileVersion": 1,
    "requires": true,
    "dependencies": {
        "com.mycoughdrop.coughdrop.misc": {
            "version": "git+https://github.com/CoughDrop/coughdrop_cordova_misc.git#893441b88f76b371eb9d71277a890cc720c83a5d"
        },
        "cordova-android": {
            "version": "6.2.2",
            "resolved": "https://registry.npmjs.org/cordova-android/-/cordova-android-6.2.2.tgz",
            "integrity": "sha1-vwbwrQm4KwE9krdLMVRb9c31Ejo=",
            "requires": {
                "cordova-common": "2.0.1",
                "elementtree": "0.1.6",
                "nopt": "3.0.6",
                "properties-parser": "0.2.3",
                "q": "1.5.0",
                "shelljs": "0.5.3"
            },
            "dependencies": {
                "abbrev": {
                    "version": "1.1.0",
                    "resolved": "http://registry.npmjs.org/abbrev/-/abbrev-1.1.0.tgz",
                    "integrity": "sha1-0FVMIlZjbi9W58LlrRg/hZQo2B8="
                },
                "ansi": {
                    "version": "0.3.1",
                    "resolved": "http://registry.npmjs.org/ansi/-/ansi-0.3.1.tgz",
                    "integrity": "sha1-DELU+xcWDVqa8eSEus4cZpIsGyE="
                },
                "balanced-match": {
                    "version": "0.4.2",
                    "resolved": "http://registry.npmjs.org/balanced-match/-/balanced-match-0.4.2.tgz",
                    "integrity": "sha1-yz8+PHMtwPAe5wtAPzAuYddwmDg="
                },
                "base64-js": {
                    "version": "0.0.8",
                    "resolved": "http://registry.npmjs.org/base64-js/-/base64-js-0.0.8.tgz",
                    "integrity": "sha1-EQHpVE9KdrG8OybUUsqW16NeeXg="
                },
                "big-integer": {
                    "version": "1.6.19",
                    "resolved": "http://registry.npmjs.org/big-integer/-/big-integer-1.6.19.tgz",
                    "integrity": "sha1-Sl6RXjGIyHCPJUs1YZbyhUKsweA="
                },
                "bplist-parser": {
                    "version": "0.1.1",
                    "resolved": "http://registry.npmjs.org/bplist-parser/-/bplist-parser-0.1.1.tgz",
                    "integrity": "sha1-1g1dzCDLptx+HymbNdPh+V2vuuY=",
                    "requires": {
                        "big-integer": "1.6.19"
                    }
                },
                "brace-expansion": {
                    "version": "1.1.6",
                    "resolved": "http://registry.npmjs.org/brace-expansion/-/brace-expansion-1.1.6.tgz",
                    "integrity": "sha1-cZfX6qm4fmSDkOph/GbIRCdCDfk=",
                    "requires": {
                        "balanced-match": "0.4.2",
                        "concat-map": "0.0.1"
                    }
                },
                "concat-map": {
                    "version": "0.0.1",
                    "resolved": "http://registry.npmjs.org/concat-map/-/concat-map-0.0.1.tgz",
                    "integrity": "sha1-2Klr13/Wjfd5OnMDajug1UBdR3s="
                },
                "cordova-common": {
                    "version": "2.0.1",
                    "resolved": "http://registry.npmjs.org/cordova-common/-/cordova-common-2.0.1.tgz",
                    "integrity": "sha1-ma8xjXy4mIBHz+N7ufJeqIHVKBU=",
                    "requires": {
                        "ansi": "0.3.1",
                        "bplist-parser": "0.1.1",
                        "cordova-registry-mapper": "1.1.15",
                        "elementtree": "0.1.6",
                        "glob": "5.0.15",
                        "minimatch": "3.0.3",
                        "osenv": "0.1.4",
                        "plist": "1.2.0",
                        "q": "1.5.0",
                        "semver": "5.3.0",
                        "shelljs": "0.5.3",
                        "underscore": "1.8.3",
                        "unorm": "1.4.1"
                    }
                },
                "cordova-registry-mapper": {
                    "version": "1.1.15",
                    "resolved": "http://registry.npmjs.org/cordova-registry-mapper/-/cordova-registry-mapper-1.1.15.tgz",
                    "integrity": "sha1-4kS5GFuBdUc7/2B5MkkFEV+D3Hw="
                },
                "elementtree": {
                    "version": "0.1.6",
                    "resolved": "http://registry.npmjs.org/elementtree/-/elementtree-0.1.6.tgz",
                    "integrity": "sha1-KsTEbqMFFsjEy9teOsdBjlkt4gw=",
                    "requires": {
                        "sax": "0.3.5"
                    }
                },
                "glob": {
                    "version": "5.0.15",
                    "resolved": "http://registry.npmjs.org/glob/-/glob-5.0.15.tgz",
                    "integrity": "sha1-G8k2ueAvSmA/zCIuz3Yz0wuLk7E=",
                    "requires": {
                        "inflight": "1.0.6",
                        "inherits": "2.0.3",
                        "minimatch": "3.0.3",
                        "once": "1.4.0",
                        "path-is-absolute": "1.0.1"
                    }
                },
                "inflight": {
                    "version": "1.0.6",
                    "resolved": "http://registry.npmjs.org/inflight/-/inflight-1.0.6.tgz",
                    "integrity": "sha1-Sb1jMdfQLQwJvJEKEHW6gWW1bfk=",
                    "requires": {
                        "once": "1.4.0",
                        "wrappy": "1.0.2"
                    }
                },
                "inherits": {
                    "version": "2.0.3",
                    "resolved": "http://registry.npmjs.org/inherits/-/inherits-2.0.3.tgz",
                    "integrity": "sha1-Yzwsg+PaQqUC9SRmAiSA9CCCYd4="
                },
                "lodash": {
                    "version": "3.10.1",
                    "resolved": "http://registry.npmjs.org/lodash/-/lodash-3.10.1.tgz",
                    "integrity": "sha1-W/Rejkm6QYnhfUgnid/RW9FAt7Y="
                },
                "minimatch": {
                    "version": "3.0.3",
                    "resolved": "http://registry.npmjs.org/minimatch/-/minimatch-3.0.3.tgz",
                    "integrity": "sha1-Kk5AkLlrLbBqnX3wEFWmKnfJt3Q=",
                    "requires": {
                        "brace-expansion": "1.1.6"
                    }
                },
                "nopt": {
                    "version": "3.0.6",
                    "resolved": "http://registry.npmjs.org/nopt/-/nopt-3.0.6.tgz",
                    "integrity": "sha1-xkZdvwirzU2zWTF/eaxopkayj/k=",
                    "requires": {
                        "abbrev": "1.1.0"
                    }
                },
                "once": {
                    "version": "1.4.0",
                    "resolved": "http://registry.npmjs.org/once/-/once-1.4.0.tgz",
                    "integrity": "sha1-WDsap3WWHUsROsF9nFC6753Xa9E=",
                    "requires": {
                        "wrappy": "1.0.2"
                    }
                },
                "os-homedir": {
                    "version": "1.0.2",
                    "resolved": "http://registry.npmjs.org/os-homedir/-/os-homedir-1.0.2.tgz",
                    "integrity": "sha1-/7xJiDNuDoM94MFox+8VISGqf7M="
                },
                "os-tmpdir": {
                    "version": "1.0.2",
                    "resolved": "http://registry.npmjs.org/os-tmpdir/-/os-tmpdir-1.0.2.tgz",
                    "integrity": "sha1-u+Z0BseaqFxc/sdm/lc0VV36EnQ="
                },
                "osenv": {
                    "version": "0.1.4",
                    "resolved": "http://registry.npmjs.org/osenv/-/osenv-0.1.4.tgz",
                    "integrity": "sha1-Qv5tWVPfBsgGS+bxdsPQWqqjRkQ=",
                    "requires": {
                        "os-homedir": "1.0.2",
                        "os-tmpdir": "1.0.2"
                    }
                },
                "path-is-absolute": {
                    "version": "1.0.1",
                    "resolved": "http://registry.npmjs.org/path-is-absolute/-/path-is-absolute-1.0.1.tgz",
                    "integrity": "sha1-F0uSaHNVNP+8es5r9TpanhtcX18="
                },
                "plist": {
                    "version": "1.2.0",
                    "resolved": "http://registry.npmjs.org/plist/-/plist-1.2.0.tgz",
                    "integrity": "sha1-CEtQk93JJQbiWfh0uNmxr7jHlZM=",
                    "requires": {
                        "base64-js": "0.0.8",
                        "util-deprecate": "1.0.2",
                        "xmlbuilder": "4.0.0",
                        "xmldom": "0.1.27"
                    }
                },
                "properties-parser": {
                    "version": "0.2.3",
                    "resolved": "http://registry.npmjs.org/properties-parser/-/properties-parser-0.2.3.tgz",
                    "integrity": "sha1-91kSVfcHq7/yJ8e1a2N9uwNzoQ8="
                },
                "q": {
                    "version": "1.5.0",
                    "resolved": "http://registry.npmjs.org/q/-/q-1.5.0.tgz",
                    "integrity": "sha1-3QG6ydBtMObyGa7LglPunr3DCPE="
                },
                "sax": {
                    "version": "0.3.5",
                    "resolved": "http://registry.npmjs.org/sax/-/sax-0.3.5.tgz",
                    "integrity": "sha1-iPz8H3PAyLvVt8d2ttPzUB7tBz0="
                },
                "semver": {
                    "version": "5.3.0",
                    "resolved": "http://registry.npmjs.org/semver/-/semver-5.3.0.tgz",
                    "integrity": "sha1-myzl094C0XxgEq0yaqa00M9U+U8="
                },
                "shelljs": {
                    "version": "0.5.3",
                    "resolved": "http://registry.npmjs.org/shelljs/-/shelljs-0.5.3.tgz",
                    "integrity": "sha1-xUmCuZbHbvDB5rWfvcWCX1txMRM="
                },
                "underscore": {
                    "version": "1.8.3",
                    "resolved": "http://registry.npmjs.org/underscore/-/underscore-1.8.3.tgz",
                    "integrity": "sha1-Tz+1OxBuYJf8+ctBCfKl6b36UCI="
                },
                "unorm": {
                    "version": "1.4.1",
                    "resolved": "http://registry.npmjs.org/unorm/-/unorm-1.4.1.tgz",
                    "integrity": "sha1-NkIA1fE2RsqLzURJAnEzVhR5IwA="
                },
                "util-deprecate": {
                    "version": "1.0.2",
                    "resolved": "http://registry.npmjs.org/util-deprecate/-/util-deprecate-1.0.2.tgz",
                    "integrity": "sha1-RQ1Nyfpw3nMnYvvS1KKJgUGaDM8="
                },
                "wrappy": {
                    "version": "1.0.2",
                    "resolved": "http://registry.npmjs.org/wrappy/-/wrappy-1.0.2.tgz",
                    "integrity": "sha1-tSQ9jz7BqjXxNkYFvA0QNuMKtp8="
                },
                "xmlbuilder": {
                    "version": "4.0.0",
                    "resolved": "http://registry.npmjs.org/xmlbuilder/-/xmlbuilder-4.0.0.tgz",
                    "integrity": "sha1-mLj2UcowqmJANvEn0RzGbce5B6M=",
                    "requires": {
                        "lodash": "3.10.1"
                    }
                },
                "xmldom": {
                    "version": "0.1.27",
                    "resolved": "http://registry.npmjs.org/xmldom/-/xmldom-0.1.27.tgz",
                    "integrity": "sha1-1QH5ezvbQDr4757MIFcxh6rawOk="
                }
            }
        },
        "cordova-ios": {
            "version": "4.1.1",
            "resolved": "https://registry.npmjs.org/cordova-ios/-/cordova-ios-4.1.1.tgz",
            "integrity": "sha1-fbRBXOOEYw1QUuhhoxQhJBFDS00=",
            "requires": {
                "cordova-common": "1.1.1",
                "ios-sim": "5.0.8",
                "nopt": "3.0.6",
                "plist": "1.2.0",
                "q": "1.4.1",
                "shelljs": "0.5.3",
                "xcode": "0.8.4"
            },
            "dependencies": {
                "abbrev": {
                    "version": "1.0.7",
                    "resolved": "https://registry.npmjs.org/abbrev/-/abbrev-1.0.7.tgz",
                    "integrity": "sha1-W2A1su6dT7XPhZ8Iqb6BsghJGEM="
                },
                "ansi": {
                    "version": "0.3.1",
                    "resolved": "https://registry.npmjs.org/ansi/-/ansi-0.3.1.tgz",
                    "integrity": "sha1-DELU+xcWDVqa8eSEus4cZpIsGyE="
                },
                "balanced-match": {
                    "version": "0.3.0",
                    "resolved": "https://registry.npmjs.org/balanced-match/-/balanced-match-0.3.0.tgz",
                    "integrity": "sha1-qRzdHr7xqGZZ5w/03vAWJfwtZ1Y="
                },
                "base64-js": {
                    "version": "0.0.8",
                    "resolved": "https://registry.npmjs.org/base64-js/-/base64-js-0.0.8.tgz",
                    "integrity": "sha1-EQHpVE9KdrG8OybUUsqW16NeeXg="
                },
                "big-integer": {
                    "version": "1.6.12",
                    "resolved": "https://registry.npmjs.org/big-integer/-/big-integer-1.6.12.tgz",
                    "integrity": "sha1-Oa/N2vzVxEgIZO+3VzN9UIk4uyY="
                },
                "bplist-creator": {
                    "version": "0.0.4",
                    "resolved": "https://registry.npmjs.org/bplist-creator/-/bplist-creator-0.0.4.tgz",
                    "integrity": "sha1-SsBJZ4LhJ6hcHSAmpPXrIqev+ZE=",
                    "requires": {
                        "stream-buffers": "0.2.6"
                    }
                },
                "bplist-parser": {
                    "version": "0.1.1",
                    "resolved": "https://registry.npmjs.org/bplist-parser/-/bplist-parser-0.1.1.tgz",
                    "integrity": "sha1-1g1dzCDLptx+HymbNdPh+V2vuuY=",
                    "requires": {
                        "big-integer": "1.6.12"
                    }
                },
                "brace-expansion": {
                    "version": "1.1.3",
                    "resolved": "https://registry.npmjs.org/brace-expansion/-/brace-expansion-1.1.3.tgz",
                    "integrity": "sha1-Rr/1ARXUf8mriYVKu4fZgHihCZE=",
                    "requires": {
                        "balanced-match": "0.3.0",
                        "concat-map": "0.0.1"
                    }
                },
                "concat-map": {
                    "version": "0.0.1",
                    "resolved": "https://registry.npmjs.org/concat-map/-/concat-map-0.0.1.tgz",
                    "integrity": "sha1-2Klr13/Wjfd5OnMDajug1UBdR3s="
                },
                "cordova-common": {
                    "version": "1.1.1",
                    "resolved": "http://visustar.francelab.fr.ibm.com:8081/nexus/content/groups/mobile-npm-all/cordova-common/-/cordova-common-1.1.1.tgz",
                    "integrity": "sha1-T3Thgv5wa3oK1iaws9MDkQryHSU=",
                    "requires": {
                        "ansi": "0.3.1",
                        "bplist-parser": "0.1.1",
                        "cordova-registry-mapper": "1.1.15",
                        "elementtree": "0.1.6",
                        "glob": "5.0.15",
                        "osenv": "0.1.3",
                        "plist": "1.2.0",
                        "q": "1.4.1",
                        "semver": "5.1.0",
                        "shelljs": "0.5.3",
                        "underscore": "1.8.3",
                        "unorm": "1.4.1"
                    }
                },
                "cordova-registry-mapper": {
                    "version": "1.1.15",
                    "resolved": "https://registry.npmjs.org/cordova-registry-mapper/-/cordova-registry-mapper-1.1.15.tgz",
                    "integrity": "sha1-4kS5GFuBdUc7/2B5MkkFEV+D3Hw="
                },
                "elementtree": {
                    "version": "0.1.6",
                    "resolved": "https://registry.npmjs.org/elementtree/-/elementtree-0.1.6.tgz",
                    "integrity": "sha1-KsTEbqMFFsjEy9teOsdBjlkt4gw=",
                    "requires": {
                        "sax": "0.3.5"
                    }
                },
                "glob": {
                    "version": "5.0.15",
                    "resolved": "https://registry.npmjs.org/glob/-/glob-5.0.15.tgz",
                    "integrity": "sha1-G8k2ueAvSmA/zCIuz3Yz0wuLk7E=",
                    "requires": {
                        "inflight": "1.0.4",
                        "inherits": "2.0.1",
                        "minimatch": "3.0.0",
                        "once": "1.3.3",
                        "path-is-absolute": "1.0.0"
                    }
                },
                "inflight": {
                    "version": "1.0.4",
                    "resolved": "https://registry.npmjs.org/inflight/-/inflight-1.0.4.tgz",
                    "integrity": "sha1-bLtFIevVHODsCpNr/XZX736bFyo=",
                    "requires": {
                        "once": "1.3.3",
                        "wrappy": "1.0.1"
                    }
                },
                "inherits": {
                    "version": "2.0.1",
                    "resolved": "https://registry.npmjs.org/inherits/-/inherits-2.0.1.tgz",
                    "integrity": "sha1-sX0I0ya0Qj5Wjv9xn5GwscvfafE="
                },
                "ios-sim": {
                    "version": "5.0.8",
                    "resolved": "http://visustar.francelab.fr.ibm.com:8081/nexus/content/groups/mobile-npm-all/ios-sim/-/ios-sim-5.0.8.tgz",
                    "integrity": "sha1-IFILvP2tsLDLCGkLkJabbmCpp5Y=",
                    "requires": {
                        "bplist-parser": "0.0.6",
                        "nopt": "1.0.9",
                        "plist": "1.2.0",
                        "simctl": "0.0.9"
                    },
                    "dependencies": {
                        "bplist-parser": {
                            "version": "0.0.6",
                            "resolved": "https://registry.npmjs.org/bplist-parser/-/bplist-parser-0.0.6.tgz",
                            "integrity": "sha1-ONo0cYF9+dRKs4kuJ3B7u9daEbk="
                        },
                        "nopt": {
                            "version": "1.0.9",
                            "resolved": "http://visustar.francelab.fr.ibm.com:8081/nexus/content/groups/mobile-npm-all/nopt/-/nopt-1.0.9.tgz",
                            "integrity": "sha1-O8DXy6e/sNWmdtvtfA6+SKT9RU4=",
                            "requires": {
                                "abbrev": "1.0.7"
                            }
                        }
                    }
                },
                "lodash": {
                    "version": "3.10.1",
                    "resolved": "https://registry.npmjs.org/lodash/-/lodash-3.10.1.tgz",
                    "integrity": "sha1-W/Rejkm6QYnhfUgnid/RW9FAt7Y="
                },
                "lodash-node": {
                    "version": "2.4.1",
                    "resolved": "https://registry.npmjs.org/lodash-node/-/lodash-node-2.4.1.tgz",
                    "integrity": "sha1-6oL3sQDHM9GkKvdoAeUGEF4qgOw="
                },
                "minimatch": {
                    "version": "3.0.0",
                    "resolved": "https://registry.npmjs.org/minimatch/-/minimatch-3.0.0.tgz",
                    "integrity": "sha1-UjYVelHk8ATBd/s8Un/33Xjw74M=",
                    "requires": {
                        "brace-expansion": "1.1.3"
                    }
                },
                "node-uuid": {
                    "version": "1.3.3",
                    "resolved": "https://registry.npmjs.org/node-uuid/-/node-uuid-1.3.3.tgz",
                    "integrity": "sha1-09tNe1aBDZ5AMjQnZigq8HORcps="
                },
                "nopt": {
                    "version": "3.0.6",
                    "resolved": "http://visustar.francelab.fr.ibm.com:8081/nexus/content/groups/mobile-npm-all/nopt/-/nopt-3.0.6.tgz",
                    "integrity": "sha1-xkZdvwirzU2zWTF/eaxopkayj/k=",
                    "requires": {
                        "abbrev": "1.0.7"
                    }
                },
                "once": {
                    "version": "1.3.3",
                    "resolved": "https://registry.npmjs.org/once/-/once-1.3.3.tgz",
                    "integrity": "sha1-suJhVXzkwxTsgwTz+oJmPkKXyiA=",
                    "requires": {
                        "wrappy": "1.0.1"
                    }
                },
                "os-homedir": {
                    "version": "1.0.1",
                    "resolved": "https://registry.npmjs.org/os-homedir/-/os-homedir-1.0.1.tgz",
                    "integrity": "sha1-DWK99EuRb9O73PLKsZGUj7CU8Ac="
                },
                "os-tmpdir": {
                    "version": "1.0.1",
                    "resolved": "https://registry.npmjs.org/os-tmpdir/-/os-tmpdir-1.0.1.tgz",
                    "integrity": "sha1-6bQjoe2vR5iCVi6S7XHXdDoHG24="
                },
                "osenv": {
                    "version": "0.1.3",
                    "resolved": "https://registry.npmjs.org/osenv/-/osenv-0.1.3.tgz",
                    "integrity": "sha1-g88FxtZFj8TVrGNi6jJdkvJ1Qhc=",
                    "requires": {
                        "os-homedir": "1.0.1",
                        "os-tmpdir": "1.0.1"
                    }
                },
                "path-is-absolute": {
                    "version": "1.0.0",
                    "resolved": "https://registry.npmjs.org/path-is-absolute/-/path-is-absolute-1.0.0.tgz",
                    "integrity": "sha1-Jj2tpmqz8vsQv3+dJN2PPlcO+RI="
                },
                "pegjs": {
                    "version": "0.6.2",
                    "resolved": "https://registry.npmjs.org/pegjs/-/pegjs-0.6.2.tgz",
                    "integrity": "sha1-dGUfioAORE22iOTuro7bZWN6F6U="
                },
                "plist": {
                    "version": "1.2.0",
                    "resolved": "http://visustar.francelab.fr.ibm.com:8081/nexus/content/groups/mobile-npm-all/plist/-/plist-1.2.0.tgz",
                    "integrity": "sha1-CEtQk93JJQbiWfh0uNmxr7jHlZM=",
                    "requires": {
                        "base64-js": "0.0.8",
                        "util-deprecate": "1.0.2",
                        "xmlbuilder": "4.0.0",
                        "xmldom": "0.1.22"
                    }
                },
                "q": {
                    "version": "1.4.1",
                    "resolved": "http://visustar.francelab.fr.ibm.com:8081/nexus/content/groups/mobile-npm-all/q/-/q-1.4.1.tgz",
                    "integrity": "sha1-VXBbzZPF82c1MMLCy8DCs63cKG4="
                },
                "sax": {
                    "version": "0.3.5",
                    "resolved": "https://registry.npmjs.org/sax/-/sax-0.3.5.tgz",
                    "integrity": "sha1-iPz8H3PAyLvVt8d2ttPzUB7tBz0="
                },
                "semver": {
                    "version": "5.1.0",
                    "resolved": "https://registry.npmjs.org/semver/-/semver-5.1.0.tgz",
                    "integrity": "sha1-hfLPhVBGXE3wAM99hvawVBBqueU="
                },
                "shelljs": {
                    "version": "0.5.3",
                    "resolved": "http://visustar.francelab.fr.ibm.com:8081/nexus/content/groups/mobile-npm-all/shelljs/-/shelljs-0.5.3.tgz",
                    "integrity": "sha1-xUmCuZbHbvDB5rWfvcWCX1txMRM="
                },
                "simctl": {
                    "version": "0.0.9",
                    "resolved": "https://registry.npmjs.org/simctl/-/simctl-0.0.9.tgz",
                    "integrity": "sha1-zTbJ06GuFwlkX5fgziBcw8rG/Rs=",
                    "requires": {
                        "shelljs": "0.2.6",
                        "tail": "0.4.0"
                    },
                    "dependencies": {
                        "shelljs": {
                            "version": "0.2.6",
                            "resolved": "https://registry.npmjs.org/shelljs/-/shelljs-0.2.6.tgz",
                            "integrity": "sha1-kEktcv/MgVmXa6umL7D2iE8MM3g="
                        }
                    }
                },
                "simple-plist": {
                    "version": "0.0.4",
                    "resolved": "https://registry.npmjs.org/simple-plist/-/simple-plist-0.0.4.tgz",
                    "integrity": "sha1-f4Y0OLY8t135ndgbgzbXxQdc/As=",
                    "requires": {
                        "bplist-creator": "0.0.4",
                        "bplist-parser": "0.0.6",
                        "plist": "1.1.0"
                    },
                    "dependencies": {
                        "base64-js": {
                            "version": "0.0.6",
                            "resolved": "https://registry.npmjs.org/base64-js/-/base64-js-0.0.6.tgz",
                            "integrity": "sha1-e4WfefC7vVWGe6Z6f6s5fiSiCUc="
                        },
                        "bplist-parser": {
                            "version": "0.0.6",
                            "resolved": "https://registry.npmjs.org/bplist-parser/-/bplist-parser-0.0.6.tgz",
                            "integrity": "sha1-ONo0cYF9+dRKs4kuJ3B7u9daEbk="
                        },
                        "plist": {
                            "version": "1.1.0",
                            "resolved": "https://registry.npmjs.org/plist/-/plist-1.1.0.tgz",
                            "integrity": "sha1-/2cIWQyXzEOOe8Rd5SUb1yXz+J0=",
                            "requires": {
                                "base64-js": "0.0.6",
                                "util-deprecate": "1.0.0",
                                "xmlbuilder": "2.2.1",
                                "xmldom": "0.1.22"
                            }
                        },
                        "util-deprecate": {
                            "version": "1.0.0",
                            "resolved": "https://registry.npmjs.org/util-deprecate/-/util-deprecate-1.0.0.tgz",
                            "integrity": "sha1-MAevASwUDq4m3gVXbsInhcrDq/I="
                        },
                        "xmlbuilder": {
                            "version": "2.2.1",
                            "resolved": "https://registry.npmjs.org/xmlbuilder/-/xmlbuilder-2.2.1.tgz",
                            "integrity": "sha1-kyZDDxMNh0NdTECGZDqikm4QWjI=",
                            "requires": {
                                "lodash-node": "2.4.1"
                            }
                        }
                    }
                },
                "stream-buffers": {
                    "version": "0.2.6",
                    "resolved": "https://registry.npmjs.org/stream-buffers/-/stream-buffers-0.2.6.tgz",
                    "integrity": "sha1-GBwI1bs2kARfaUAbmuanoM8zE/w="
                },
                "tail": {
                    "version": "0.4.0",
                    "resolved": "https://registry.npmjs.org/tail/-/tail-0.4.0.tgz",
                    "integrity": "sha1-0p3nJ1DMmdseBTr/E8NZ7PtxMAI="
                },
                "underscore": {
                    "version": "1.8.3",
                    "resolved": "https://registry.npmjs.org/underscore/-/underscore-1.8.3.tgz",
                    "integrity": "sha1-Tz+1OxBuYJf8+ctBCfKl6b36UCI="
                },
                "unorm": {
                    "version": "1.4.1",
                    "resolved": "https://registry.npmjs.org/unorm/-/unorm-1.4.1.tgz",
                    "integrity": "sha1-NkIA1fE2RsqLzURJAnEzVhR5IwA="
                },
                "util-deprecate": {
                    "version": "1.0.2",
                    "resolved": "https://registry.npmjs.org/util-deprecate/-/util-deprecate-1.0.2.tgz",
                    "integrity": "sha1-RQ1Nyfpw3nMnYvvS1KKJgUGaDM8="
                },
                "wrappy": {
                    "version": "1.0.1",
                    "resolved": "https://registry.npmjs.org/wrappy/-/wrappy-1.0.1.tgz",
                    "integrity": "sha1-HmWWmWXMvC20VIxrhKbyxa7dRzk="
                },
                "xcode": {
                    "version": "0.8.4",
                    "resolved": "http://visustar.francelab.fr.ibm.com:8081/nexus/content/groups/mobile-npm-all/xcode/-/xcode-0.8.4.tgz",
                    "integrity": "sha1-6CxkZ1/K48sC6c64AdeG3ZASNgQ=",
                    "requires": {
                        "node-uuid": "1.3.3",
                        "pegjs": "0.6.2",
                        "simple-plist": "0.0.4"
                    }
                },
                "xmlbuilder": {
                    "version": "4.0.0",
                    "resolved": "https://registry.npmjs.org/xmlbuilder/-/xmlbuilder-4.0.0.tgz",
                    "integrity": "sha1-mLj2UcowqmJANvEn0RzGbce5B6M=",
                    "requires": {
                        "lodash": "3.10.1"
                    }
                },
                "xmldom": {
                    "version": "0.1.22",
                    "resolved": "https://registry.npmjs.org/xmldom/-/xmldom-0.1.22.tgz",
                    "integrity": "sha1-EN5OXpZJgfA8jMcvrcCNFLbDqiY="
                }
            }
        },
        "cordova-plugin-battery-status": {
            "version": "1.1.2",
            "resolved": "https://registry.npmjs.org/cordova-plugin-battery-status/-/cordova-plugin-battery-status-1.1.2.tgz",
            "integrity": "sha1-QZIcdKvA2z431i88XcT94MYQkOQ="
        },
        "cordova-plugin-blob-constructor-polyfill": {
            "version": "1.0.2",
            "resolved": "https://registry.npmjs.org/cordova-plugin-blob-constructor-polyfill/-/cordova-plugin-blob-constructor-polyfill-1.0.2.tgz",
            "integrity": "sha1-ntD9+HBK7CbpbEVT4JBMYLagecQ="
        },
        "cordova-plugin-brightness": {
            "version": "0.1.5",
            "resolved": "https://registry.npmjs.org/cordova-plugin-brightness/-/cordova-plugin-brightness-0.1.5.tgz",
            "integrity": "sha1-zmOQaYifyEPCQ+gvIed4mITt6bo="
        },
        "cordova-plugin-chrome-apps-audiocapture": {
            "version": "1.0.5",
            "resolved": "https://registry.npmjs.org/cordova-plugin-chrome-apps-audiocapture/-/cordova-plugin-chrome-apps-audiocapture-1.0.5.tgz",
            "integrity": "sha1-zDDGp98s9pgyhe5dz9UaTLiXYV4="
        },
        "cordova-plugin-chrome-apps-power": {
            "version": "1.0.4",
            "resolved": "https://registry.npmjs.org/cordova-plugin-chrome-apps-power/-/cordova-plugin-chrome-apps-power-1.0.4.tgz",
            "integrity": "sha1-IJZmBW22ga1tXAJxnvfa6k6ocyA="
        },
        "cordova-plugin-chrome-apps-videocapture": {
            "version": "1.0.4",
            "resolved": "https://registry.npmjs.org/cordova-plugin-chrome-apps-videocapture/-/cordova-plugin-chrome-apps-videocapture-1.0.4.tgz",
            "integrity": "sha1-x1YFSDsn/0J2XxYlZWbBcVJroNk="
        },
        "cordova-plugin-compat": {
            "version": "1.1.0",
            "resolved": "https://registry.npmjs.org/cordova-plugin-compat/-/cordova-plugin-compat-1.1.0.tgz",
            "integrity": "sha1-kr3xaf62EgUyPcyWo/+DSON+h/w="
        },
        "cordova-plugin-device": {
            "version": "1.1.6",
            "resolved": "https://registry.npmjs.org/cordova-plugin-device/-/cordova-plugin-device-1.1.6.tgz",
            "integrity": "sha1-LSF2TK18m4AVI+TgmjDgJLJJM0s="
        },
        "cordova-plugin-file": {
            "version": "4.3.3",
            "resolved": "https://registry.npmjs.org/cordova-plugin-file/-/cordova-plugin-file-4.3.3.tgz",
            "integrity": "sha1-AS6Xqhr7kfhJFuY0G1SDZtI96bk="
        },
        "cordova-plugin-inappbrowser": {
            "version": "1.1.1",
            "resolved": "https://registry.npmjs.org/cordova-plugin-inappbrowser/-/cordova-plugin-inappbrowser-1.1.1.tgz",
            "integrity": "sha1-72ZdQOKSNtAHAJaQzbx5+4YDRXY="
        },
        "cordova-plugin-keyboard": {
            "version": "1.1.5",
            "resolved": "https://registry.npmjs.org/cordova-plugin-keyboard/-/cordova-plugin-keyboard-1.1.5.tgz",
            "integrity": "sha1-XgS1IF0ZViLKqt3bLzSttSoclsQ="
        },
        "cordova-plugin-media": {
            "version": "3.0.1",
            "resolved": "https://registry.npmjs.org/cordova-plugin-media/-/cordova-plugin-media-3.0.1.tgz",
            "integrity": "sha1-XkbnbPp31O0oqHWYywco5Ourbyc="
        },
        "cordova-plugin-media-capture": {
            "version": "1.4.3",
            "resolved": "https://registry.npmjs.org/cordova-plugin-media-capture/-/cordova-plugin-media-capture-1.4.3.tgz",
            "integrity": "sha1-IOO74zT7uJ9iSwIYjqxTcnQ5IPo="
        },
        "cordova-plugin-network-information": {
            "version": "1.3.3",
            "resolved": "https://registry.npmjs.org/cordova-plugin-network-information/-/cordova-plugin-network-information-1.3.3.tgz",
            "integrity": "sha1-DqmqXBEkz3y9b4T4KKVCy9JKhRg="
        },
        "cordova-plugin-settings-hook": {
            "version": "0.2.5",
            "resolved": "https://registry.npmjs.org/cordova-plugin-settings-hook/-/cordova-plugin-settings-hook-0.2.5.tgz",
            "integrity": "sha1-JgvWx23JVB1oXpiZJI/qV/0lkls="
        },
        "cordova-plugin-shared-preferences": {
            "version": "0.0.1",
            "resolved": "https://registry.npmjs.org/cordova-plugin-shared-preferences/-/cordova-plugin-shared-preferences-0.0.1.tgz",
            "integrity": "sha1-yHQSSILb28ajdco4IWGHhDlIxx8="
        },
        "cordova-plugin-splashscreen": {
            "version": "3.0.0",
            "resolved": "https://registry.npmjs.org/cordova-plugin-splashscreen/-/cordova-plugin-splashscreen-3.0.0.tgz",
            "integrity": "sha1-QtbMt6AgkxVWV4VnBgC8LPs3Tfg="
        },
        "cordova-plugin-statusbar": {
            "version": "2.0.0",
            "resolved": "https://registry.npmjs.org/cordova-plugin-statusbar/-/cordova-plugin-statusbar-2.0.0.tgz",
            "integrity": "sha1-8gNgxEjxhn5cW2Bw669r9v46O5Y="
        },
        "cordova-plugin-tts": {
            "version": "git+https://github.com/vilic/cordova-plugin-tts.git#075117973006daf36874ccf06502cfec8ce5c7c4"
        },
        "cordova-plugin-whitelist": {
            "version": "1.3.2",
            "resolved": "https://registry.npmjs.org/cordova-plugin-whitelist/-/cordova-plugin-whitelist-1.3.2.tgz",
            "integrity": "sha1-W2M1/rn1MB88ATuQlsuIhb29UHY="
        },
        "cordova-plugin-x-socialsharing": {
            "version": "5.0.12",
            "resolved": "https://registry.npmjs.org/cordova-plugin-x-socialsharing/-/cordova-plugin-x-socialsharing-5.0.12.tgz",
            "integrity": "sha1-eRlP9N7xpLOhkde5givN/1rsyxA="
        },
        "cordova-plugin-xhr-blob-polyfill": {
            "version": "1.0.3",
            "resolved": "https://registry.npmjs.org/cordova-plugin-xhr-blob-polyfill/-/cordova-plugin-xhr-blob-polyfill-1.0.3.tgz",
            "integrity": "sha1-cpJKhAte5rEDIyLZI5H3TQ8HDoU="
        },
        "cordova-sqlite-storage": {
            "version": "1.4.9",
            "resolved": "https://registry.npmjs.org/cordova-sqlite-storage/-/cordova-sqlite-storage-1.4.9.tgz",
            "integrity": "sha1-FSJ+BGiSub5obfskeO8DuwuaXH8=",
            "requires": {
                "cordova-sqlite-storage-dependencies": "1.0.0"
            }
        },
        "cordova-sqlite-storage-dependencies": {
            "version": "1.0.0",
            "resolved": "https://registry.npmjs.org/cordova-sqlite-storage-dependencies/-/cordova-sqlite-storage-dependencies-1.0.0.tgz",
            "integrity": "sha1-XwBpLLfkMINH7wzlDgqoqPAtykM="
        },
        "de.codevise.cordova.volume": {
            "version": "git+https://github.com/whitmer/cordova-volume.git#3d061881f075c1c343c6ebc861137c6f366f72a9"
        },
        "phonegap-plugin-speech-synthesis": {
            "version": "git+https://github.com/mike-nelson/SpeechSynthesisPlugin.git#67329f0bc0650b2f3f474ea1b3ad9504a6496604"
        }
    }
}
